
Microsoft Visual Studio Solution File, Format Version 12.00
# Visual Studio Version 17
VisualStudioVersion = 17.1.32414.318
MinimumVisualStudioVersion = 10.0.40219.1
Project("{9A19103F-16F7-4668-BE54-9A1E7A4F7556}") = "Extensions", "Extensions.csproj", "{331A7C3B-45DC-4E04-85BF-DE1934C6B3FA}"
EndProject
Project("{FAE04EC0-301F-11D3-BF4B-00C04F79EFBC}") = "TESTING", "TESTING\TESTING.csproj", "{653D447D-2324-4A7E-8E13-BAA50606C0C8}"
EndProject
Project("{FAE04EC0-301F-11D3-BF4B-00C04F79EFBC}") = "~ExtensionsClass", "~ExtensionsClass\~ExtensionsClass.csproj", "{A6B66561-D223-4E78-8686-C9FC4FF48961}"
EndProject
Project("{FAE04EC0-301F-11D3-BF4B-00C04F79EFBC}") = "~CsVisualStudioExtensions", "~CsVisualStudioExtensions\~CsVisualStudioExtensions.csproj", "{C277771C-0B10-4EFB-ADE6-6BD9963A2CF0}"
EndProject
Project("{2150E333-8FDC-42A3-9474-1A3956D46DE8}") = "Solution Items", "Solution Items", "{AA5952F2-FA71-4A15-B3C4-91B6B075623F}"
	ProjectSection(SolutionItems) = preProject
		VSIX\~CsVisualStudioExtensions.vsix = VSIX\~CsVisualStudioExtensions.vsix
	EndProjectSection
EndProject
Project("{9A19103F-16F7-4668-BE54-9A1E7A4F7556}") = "Extensions.Logit", "Extensions.Logit\Extensions.Logit.csproj", "{F0487D6E-F0A2-453D-807A-4B8C6E7A1D48}"
EndProject
Project("{9A19103F-16F7-4668-BE54-9A1E7A4F7556}") = "Extensions.Telemetry", "Extensions.Telemetry\Extensions.Telemetry.csproj", "{E053973A-74C1-4D16-AC9F-41975DB49ED0}"
EndProject
Project("{9A19103F-16F7-4668-BE54-9A1E7A4F7556}") = "Extensions.State", "Extensions.State\Extensions.State.csproj", "{910A2FD0-0CBA-42A5-95B4-4F73B76271FE}"
EndProject
Project("{9A19103F-16F7-4668-BE54-9A1E7A4F7556}") = "Extensions.Identity", "Extensions.Identity\Extensions.Identity.csproj", "{0D608319-C8DE-461B-A91D-063B427ECF02}"
EndProject
Project("{9A19103F-16F7-4668-BE54-9A1E7A4F7556}") = "Extensions.Core", "Extensions.Core\Extensions.Core.csproj", "{CE7CBD1E-6A1D-4C36-AE98-72C5CD7104D5}"
EndProject
Project("{9A19103F-16F7-4668-BE54-9A1E7A4F7556}") = "Extensions.String", "Extensions.String\Extensions.String.csproj", "{29B3859F-156F-4048-B122-43416B8E4D5A}"
EndProject
Global
	GlobalSection(SolutionConfigurationPlatforms) = preSolution
		Debug|Any CPU = Debug|Any CPU
		Debug|arm64 = Debug|arm64
		Debug|x86 = Debug|x86
		Release|Any CPU = Release|Any CPU
		Release|arm64 = Release|arm64
		Release|x86 = Release|x86
	EndGlobalSection
	GlobalSection(ProjectConfigurationPlatforms) = postSolution
		{331A7C3B-45DC-4E04-85BF-DE1934C6B3FA}.Debug|Any CPU.ActiveCfg = Debug|Any CPU
		{331A7C3B-45DC-4E04-85BF-DE1934C6B3FA}.Debug|Any CPU.Build.0 = Debug|Any CPU
		{331A7C3B-45DC-4E04-85BF-DE1934C6B3FA}.Debug|arm64.ActiveCfg = Debug|Any CPU
		{331A7C3B-45DC-4E04-85BF-DE1934C6B3FA}.Debug|arm64.Build.0 = Debug|Any CPU
		{331A7C3B-45DC-4E04-85BF-DE1934C6B3FA}.Debug|x86.ActiveCfg = Debug|Any CPU
		{331A7C3B-45DC-4E04-85BF-DE1934C6B3FA}.Debug|x86.Build.0 = Debug|Any CPU
		{331A7C3B-45DC-4E04-85BF-DE1934C6B3FA}.Release|Any CPU.ActiveCfg = Release|Any CPU
		{331A7C3B-45DC-4E04-85BF-DE1934C6B3FA}.Release|Any CPU.Build.0 = Release|Any CPU
		{331A7C3B-45DC-4E04-85BF-DE1934C6B3FA}.Release|arm64.ActiveCfg = Release|Any CPU
		{331A7C3B-45DC-4E04-85BF-DE1934C6B3FA}.Release|arm64.Build.0 = Release|Any CPU
		{331A7C3B-45DC-4E04-85BF-DE1934C6B3FA}.Release|x86.ActiveCfg = Release|Any CPU
		{331A7C3B-45DC-4E04-85BF-DE1934C6B3FA}.Release|x86.Build.0 = Release|Any CPU
		{653D447D-2324-4A7E-8E13-BAA50606C0C8}.Debug|Any CPU.ActiveCfg = Debug|Any CPU
		{653D447D-2324-4A7E-8E13-BAA50606C0C8}.Debug|Any CPU.Build.0 = Debug|Any CPU
		{653D447D-2324-4A7E-8E13-BAA50606C0C8}.Debug|arm64.ActiveCfg = Debug|Any CPU
		{653D447D-2324-4A7E-8E13-BAA50606C0C8}.Debug|arm64.Build.0 = Debug|Any CPU
		{653D447D-2324-4A7E-8E13-BAA50606C0C8}.Debug|x86.ActiveCfg = Debug|Any CPU
		{653D447D-2324-4A7E-8E13-BAA50606C0C8}.Debug|x86.Build.0 = Debug|Any CPU
		{653D447D-2324-4A7E-8E13-BAA50606C0C8}.Release|Any CPU.ActiveCfg = Release|Any CPU
		{653D447D-2324-4A7E-8E13-BAA50606C0C8}.Release|Any CPU.Build.0 = Release|Any CPU
		{653D447D-2324-4A7E-8E13-BAA50606C0C8}.Release|arm64.ActiveCfg = Release|Any CPU
		{653D447D-2324-4A7E-8E13-BAA50606C0C8}.Release|arm64.Build.0 = Release|Any CPU
		{653D447D-2324-4A7E-8E13-BAA50606C0C8}.Release|x86.ActiveCfg = Release|Any CPU
		{653D447D-2324-4A7E-8E13-BAA50606C0C8}.Release|x86.Build.0 = Release|Any CPU
		{A6B66561-D223-4E78-8686-C9FC4FF48961}.Debug|Any CPU.ActiveCfg = Debug|Any CPU
		{A6B66561-D223-4E78-8686-C9FC4FF48961}.Debug|Any CPU.Build.0 = Debug|Any CPU
		{A6B66561-D223-4E78-8686-C9FC4FF48961}.Debug|arm64.ActiveCfg = Debug|arm64
		{A6B66561-D223-4E78-8686-C9FC4FF48961}.Debug|arm64.Build.0 = Debug|arm64
		{A6B66561-D223-4E78-8686-C9FC4FF48961}.Debug|x86.ActiveCfg = Debug|x86
		{A6B66561-D223-4E78-8686-C9FC4FF48961}.Debug|x86.Build.0 = Debug|x86
		{A6B66561-D223-4E78-8686-C9FC4FF48961}.Release|Any CPU.ActiveCfg = Release|Any CPU
		{A6B66561-D223-4E78-8686-C9FC4FF48961}.Release|Any CPU.Build.0 = Release|Any CPU
		{A6B66561-D223-4E78-8686-C9FC4FF48961}.Release|arm64.ActiveCfg = Release|arm64
		{A6B66561-D223-4E78-8686-C9FC4FF48961}.Release|arm64.Build.0 = Release|arm64
		{A6B66561-D223-4E78-8686-C9FC4FF48961}.Release|x86.ActiveCfg = Release|x86
		{A6B66561-D223-4E78-8686-C9FC4FF48961}.Release|x86.Build.0 = Release|x86
		{C277771C-0B10-4EFB-ADE6-6BD9963A2CF0}.Debug|Any CPU.ActiveCfg = Debug|Any CPU
		{C277771C-0B10-4EFB-ADE6-6BD9963A2CF0}.Debug|Any CPU.Build.0 = Debug|Any CPU
		{C277771C-0B10-4EFB-ADE6-6BD9963A2CF0}.Debug|arm64.ActiveCfg = Debug|arm64
		{C277771C-0B10-4EFB-ADE6-6BD9963A2CF0}.Debug|arm64.Build.0 = Debug|arm64
		{C277771C-0B10-4EFB-ADE6-6BD9963A2CF0}.Debug|x86.ActiveCfg = Debug|x86
		{C277771C-0B10-4EFB-ADE6-6BD9963A2CF0}.Debug|x86.Build.0 = Debug|x86
		{C277771C-0B10-4EFB-ADE6-6BD9963A2CF0}.Release|Any CPU.ActiveCfg = Release|Any CPU
		{C277771C-0B10-4EFB-ADE6-6BD9963A2CF0}.Release|Any CPU.Build.0 = Release|Any CPU
		{C277771C-0B10-4EFB-ADE6-6BD9963A2CF0}.Release|arm64.ActiveCfg = Release|arm64
		{C277771C-0B10-4EFB-ADE6-6BD9963A2CF0}.Release|arm64.Build.0 = Release|arm64
		{C277771C-0B10-4EFB-ADE6-6BD9963A2CF0}.Release|x86.ActiveCfg = Release|x86
		{C277771C-0B10-4EFB-ADE6-6BD9963A2CF0}.Release|x86.Build.0 = Release|x86
		{F0487D6E-F0A2-453D-807A-4B8C6E7A1D48}.Debug|Any CPU.ActiveCfg = Debug|Any CPU
		{F0487D6E-F0A2-453D-807A-4B8C6E7A1D48}.Debug|Any CPU.Build.0 = Debug|Any CPU
		{F0487D6E-F0A2-453D-807A-4B8C6E7A1D48}.Debug|arm64.ActiveCfg = Debug|Any CPU
		{F0487D6E-F0A2-453D-807A-4B8C6E7A1D48}.Debug|arm64.Build.0 = Debug|Any CPU
		{F0487D6E-F0A2-453D-807A-4B8C6E7A1D48}.Debug|x86.ActiveCfg = Debug|Any CPU
		{F0487D6E-F0A2-453D-807A-4B8C6E7A1D48}.Debug|x86.Build.0 = Debug|Any CPU
		{F0487D6E-F0A2-453D-807A-4B8C6E7A1D48}.Release|Any CPU.ActiveCfg = Release|Any CPU
		{F0487D6E-F0A2-453D-807A-4B8C6E7A1D48}.Release|Any CPU.Build.0 = Release|Any CPU
		{F0487D6E-F0A2-453D-807A-4B8C6E7A1D48}.Release|arm64.ActiveCfg = Release|Any CPU
		{F0487D6E-F0A2-453D-807A-4B8C6E7A1D48}.Release|arm64.Build.0 = Release|Any CPU
		{F0487D6E-F0A2-453D-807A-4B8C6E7A1D48}.Release|x86.ActiveCfg = Release|Any CPU
		{F0487D6E-F0A2-453D-807A-4B8C6E7A1D48}.Release|x86.Build.0 = Release|Any CPU
		{E053973A-74C1-4D16-AC9F-41975DB49ED0}.Debug|Any CPU.ActiveCfg = Debug|Any CPU
		{E053973A-74C1-4D16-AC9F-41975DB49ED0}.Debug|Any CPU.Build.0 = Debug|Any CPU
		{E053973A-74C1-4D16-AC9F-41975DB49ED0}.Debug|arm64.ActiveCfg = Debug|Any CPU
		{E053973A-74C1-4D16-AC9F-41975DB49ED0}.Debug|arm64.Build.0 = Debug|Any CPU
		{E053973A-74C1-4D16-AC9F-41975DB49ED0}.Debug|x86.ActiveCfg = Debug|Any CPU
		{E053973A-74C1-4D16-AC9F-41975DB49ED0}.Debug|x86.Build.0 = Debug|Any CPU
		{E053973A-74C1-4D16-AC9F-41975DB49ED0}.Release|Any CPU.ActiveCfg = Release|Any CPU
		{E053973A-74C1-4D16-AC9F-41975DB49ED0}.Release|Any CPU.Build.0 = Release|Any CPU
		{E053973A-74C1-4D16-AC9F-41975DB49ED0}.Release|arm64.ActiveCfg = Release|Any CPU
		{E053973A-74C1-4D16-AC9F-41975DB49ED0}.Release|arm64.Build.0 = Release|Any CPU
		{E053973A-74C1-4D16-AC9F-41975DB49ED0}.Release|x86.ActiveCfg = Release|Any CPU
		{E053973A-74C1-4D16-AC9F-41975DB49ED0}.Release|x86.Build.0 = Release|Any CPU
		{910A2FD0-0CBA-42A5-95B4-4F73B76271FE}.Debug|Any CPU.ActiveCfg = Debug|Any CPU
		{910A2FD0-0CBA-42A5-95B4-4F73B76271FE}.Debug|Any CPU.Build.0 = Debug|Any CPU
		{910A2FD0-0CBA-42A5-95B4-4F73B76271FE}.Debug|arm64.ActiveCfg = Debug|Any CPU
		{910A2FD0-0CBA-42A5-95B4-4F73B76271FE}.Debug|arm64.Build.0 = Debug|Any CPU
		{910A2FD0-0CBA-42A5-95B4-4F73B76271FE}.Debug|x86.ActiveCfg = Debug|Any CPU
		{910A2FD0-0CBA-42A5-95B4-4F73B76271FE}.Debug|x86.Build.0 = Debug|Any CPU
		{910A2FD0-0CBA-42A5-95B4-4F73B76271FE}.Release|Any CPU.ActiveCfg = Release|Any CPU
		{910A2FD0-0CBA-42A5-95B4-4F73B76271FE}.Release|Any CPU.Build.0 = Release|Any CPU
		{910A2FD0-0CBA-42A5-95B4-4F73B76271FE}.Release|arm64.ActiveCfg = Release|Any CPU
		{910A2FD0-0CBA-42A5-95B4-4F73B76271FE}.Release|arm64.Build.0 = Release|Any CPU
		{910A2FD0-0CBA-42A5-95B4-4F73B76271FE}.Release|x86.ActiveCfg = Release|Any CPU
		{910A2FD0-0CBA-42A5-95B4-4F73B76271FE}.Release|x86.Build.0 = Release|Any CPU
		{0D608319-C8DE-461B-A91D-063B427ECF02}.Debug|Any CPU.ActiveCfg = Debug|Any CPU
		{0D608319-C8DE-461B-A91D-063B427ECF02}.Debug|Any CPU.Build.0 = Debug|Any CPU
		{0D608319-C8DE-461B-A91D-063B427ECF02}.Debug|arm64.ActiveCfg = Debug|Any CPU
		{0D608319-C8DE-461B-A91D-063B427ECF02}.Debug|arm64.Build.0 = Debug|Any CPU
		{0D608319-C8DE-461B-A91D-063B427ECF02}.Debug|x86.ActiveCfg = Debug|Any CPU
		{0D608319-C8DE-461B-A91D-063B427ECF02}.Debug|x86.Build.0 = Debug|Any CPU
		{0D608319-C8DE-461B-A91D-063B427ECF02}.Release|Any CPU.ActiveCfg = Release|Any CPU
		{0D608319-C8DE-461B-A91D-063B427ECF02}.Release|Any CPU.Build.0 = Release|Any CPU
		{0D608319-C8DE-461B-A91D-063B427ECF02}.Release|arm64.ActiveCfg = Release|Any CPU
		{0D608319-C8DE-461B-A91D-063B427ECF02}.Release|arm64.Build.0 = Release|Any CPU
		{0D608319-C8DE-461B-A91D-063B427ECF02}.Release|x86.ActiveCfg = Release|Any CPU
		{0D608319-C8DE-461B-A91D-063B427ECF02}.Release|x86.Build.0 = Release|Any CPU
		{CE7CBD1E-6A1D-4C36-AE98-72C5CD7104D5}.Debug|Any CPU.ActiveCfg = Debug|Any CPU
		{CE7CBD1E-6A1D-4C36-AE98-72C5CD7104D5}.Debug|Any CPU.Build.0 = Debug|Any CPU
		{CE7CBD1E-6A1D-4C36-AE98-72C5CD7104D5}.Debug|arm64.ActiveCfg = Debug|Any CPU
		{CE7CBD1E-6A1D-4C36-AE98-72C5CD7104D5}.Debug|arm64.Build.0 = Debug|Any CPU
		{CE7CBD1E-6A1D-4C36-AE98-72C5CD7104D5}.Debug|x86.ActiveCfg = Debug|Any CPU
		{CE7CBD1E-6A1D-4C36-AE98-72C5CD7104D5}.Debug|x86.Build.0 = Debug|Any CPU
		{CE7CBD1E-6A1D-4C36-AE98-72C5CD7104D5}.Release|Any CPU.ActiveCfg = Release|Any CPU
		{CE7CBD1E-6A1D-4C36-AE98-72C5CD7104D5}.Release|Any CPU.Build.0 = Release|Any CPU
		{CE7CBD1E-6A1D-4C36-AE98-72C5CD7104D5}.Release|arm64.ActiveCfg = Release|Any CPU
		{CE7CBD1E-6A1D-4C36-AE98-72C5CD7104D5}.Release|arm64.Build.0 = Release|Any CPU
		{CE7CBD1E-6A1D-4C36-AE98-72C5CD7104D5}.Release|x86.ActiveCfg = Release|Any CPU
		{CE7CBD1E-6A1D-4C36-AE98-72C5CD7104D5}.Release|x86.Build.0 = Release|Any CPU
		{29B3859F-156F-4048-B122-43416B8E4D5A}.Debug|Any CPU.ActiveCfg = Debug|Any CPU
		{29B3859F-156F-4048-B122-43416B8E4D5A}.Debug|Any CPU.Build.0 = Debug|Any CPU
		{29B3859F-156F-4048-B122-43416B8E4D5A}.Debug|arm64.ActiveCfg = Debug|Any CPU
		{29B3859F-156F-4048-B122-43416B8E4D5A}.Debug|arm64.Build.0 = Debug|Any CPU
		{29B3859F-156F-4048-B122-43416B8E4D5A}.Debug|x86.ActiveCfg = Debug|Any CPU
		{29B3859F-156F-4048-B122-43416B8E4D5A}.Debug|x86.Build.0 = Debug|Any CPU
		{29B3859F-156F-4048-B122-43416B8E4D5A}.Release|Any CPU.ActiveCfg = Release|Any CPU
		{29B3859F-156F-4048-B122-43416B8E4D5A}.Release|Any CPU.Build.0 = Release|Any CPU
		{29B3859F-156F-4048-B122-43416B8E4D5A}.Release|arm64.ActiveCfg = Release|Any CPU
		{29B3859F-156F-4048-B122-43416B8E4D5A}.Release|arm64.Build.0 = Release|Any CPU
		{29B3859F-156F-4048-B122-43416B8E4D5A}.Release|x86.ActiveCfg = Release|Any CPU
		{29B3859F-156F-4048-B122-43416B8E4D5A}.Release|x86.Build.0 = Release|Any CPU
	EndGlobalSection
	GlobalSection(SolutionProperties) = preSolution
		HideSolutionNode = FALSE
	EndGlobalSection
	GlobalSection(ExtensibilityGlobals) = postSolution
		SolutionGuid = {A9B51A67-6F0B-44FA-99CB-7BFA5DDFE6E4}
	EndGlobalSection
EndGlobal
