
Microsoft Visual Studio Solution File, Format Version 12.00
# Visual Studio Version 17
VisualStudioVersion = 17.1.32414.318
MinimumVisualStudioVersion = 10.0.40219.1
Project("{9A19103F-16F7-4668-BE54-9A1E7A4F7556}") = "EXTENSIONS", "EXTENSIONS.csproj", "{331A7C3B-45DC-4E04-85BF-DE1934C6B3FA}"
EndProject
Project("{FAE04EC0-301F-11D3-BF4B-00C04F79EFBC}") = "~ExtensionsClass", "~ExtensionsClass\~ExtensionsClass.csproj", "{A6B66561-D223-4E78-8686-C9FC4FF48961}"
EndProject
Project("{FAE04EC0-301F-11D3-BF4B-00C04F79EFBC}") = "~CsVisualStudioExtensions", "~CsVisualStudioExtensions\~CsVisualStudioExtensions.csproj", "{C277771C-0B10-4EFB-ADE6-6BD9963A2CF0}"
EndProject
Project("{2150E333-8FDC-42A3-9474-1A3956D46DE8}") = "Solution Items", "Solution Items", "{AA5952F2-FA71-4A15-B3C4-91B6B075623F}"
	ProjectSection(SolutionItems) = preProject
		VSIX\~CsVisualStudioExtensions.vsix = VSIX\~CsVisualStudioExtensions.vsix
	EndProjectSection
EndProject
Project("{9A19103F-16F7-4668-BE54-9A1E7A4F7556}") = "BuildBump", "BuildBump\BuildBump.csproj", "{F6C0B61D-81B4-48EB-ABD4-E8680A9F9992}"
	ProjectSection(ProjectDependencies) = postProject
		{331A7C3B-45DC-4E04-85BF-DE1934C6B3FA} = {331A7C3B-45DC-4E04-85BF-DE1934C6B3FA}
	EndProjectSection
EndProject
Project("{FAE04EC0-301F-11D3-BF4B-00C04F79EFBC}") = "TESTING", "TESTING\TESTING.csproj", "{653D447D-2324-4A7E-8E13-BAA50606C0C8}"
EndProject
Project("{9A19103F-16F7-4668-BE54-9A1E7A4F7556}") = "List", "List\List.csproj", "{27958AB4-DCB1-4E12-875D-6E60CC42F0E0}"
EndProject
Project("{9A19103F-16F7-4668-BE54-9A1E7A4F7556}") = "Azure", "Azure\Azure.csproj", "{0C8612CA-601A-4FEA-8A62-187DB25376F8}"
EndProject
Project("{9A19103F-16F7-4668-BE54-9A1E7A4F7556}") = "Constants", "Constants\Constants.csproj", "{4C55400C-B19E-467B-8D0D-0A73FFE0E94F}"
EndProject
Project("{9A19103F-16F7-4668-BE54-9A1E7A4F7556}") = "Core", "Core\Core.csproj", "{00704784-A7D9-4A05-BAE3-1B112025A57E}"
EndProject
Project("{9A19103F-16F7-4668-BE54-9A1E7A4F7556}") = "Graph", "Graph\Graph.csproj", "{AA88379B-5DCD-4137-955E-24832C8E82A5}"
EndProject
Project("{9A19103F-16F7-4668-BE54-9A1E7A4F7556}") = "Identity", "Identity\Identity.csproj", "{4CA6BC9C-04A3-47C9-9896-B9A4104B72BF}"
EndProject
Project("{9A19103F-16F7-4668-BE54-9A1E7A4F7556}") = "Logit", "Logit\Logit.csproj", "{0C31B459-5FA3-439A-A903-F8A08E52CEBE}"
EndProject
Project("{9A19103F-16F7-4668-BE54-9A1E7A4F7556}") = "State", "State\State.csproj", "{F9DFE855-1AC9-4C20-BEF5-A1CCC9190DD4}"
EndProject
Project("{9A19103F-16F7-4668-BE54-9A1E7A4F7556}") = "String", "String\String.csproj", "{E6D5BE21-947E-4B97-B1E2-5E53C91A5FE5}"
EndProject
Project("{9A19103F-16F7-4668-BE54-9A1E7A4F7556}") = "Telemetry", "Telemetry\Telemetry.csproj", "{969D45B7-E1E3-4494-9DB7-DA57296F0C71}"
EndProject
Project("{9A19103F-16F7-4668-BE54-9A1E7A4F7556}") = "GCCHigh.Extensions", "GCCHigh.Extensions.csproj", "{6007C29F-4B0A-4E53-BB62-EF7445913E0D}"
EndProject
Global
	GlobalSection(SolutionConfigurationPlatforms) = preSolution
		Debug|Any CPU = Debug|Any CPU
		Debug|arm64 = Debug|arm64
		Debug|x86 = Debug|x86
		Release|Any CPU = Release|Any CPU
		Release|arm64 = Release|arm64
		Release|x86 = Release|x86
	EndGlobalSection
	GlobalSection(ProjectConfigurationPlatforms) = postSolution
		{331A7C3B-45DC-4E04-85BF-DE1934C6B3FA}.Debug|Any CPU.ActiveCfg = Debug|Any CPU
		{331A7C3B-45DC-4E04-85BF-DE1934C6B3FA}.Debug|Any CPU.Build.0 = Debug|Any CPU
		{331A7C3B-45DC-4E04-85BF-DE1934C6B3FA}.Debug|arm64.ActiveCfg = Debug|Any CPU
		{331A7C3B-45DC-4E04-85BF-DE1934C6B3FA}.Debug|arm64.Build.0 = Debug|Any CPU
		{331A7C3B-45DC-4E04-85BF-DE1934C6B3FA}.Debug|x86.ActiveCfg = Debug|Any CPU
		{331A7C3B-45DC-4E04-85BF-DE1934C6B3FA}.Debug|x86.Build.0 = Debug|Any CPU
		{331A7C3B-45DC-4E04-85BF-DE1934C6B3FA}.Release|Any CPU.ActiveCfg = Release|Any CPU
		{331A7C3B-45DC-4E04-85BF-DE1934C6B3FA}.Release|Any CPU.Build.0 = Release|Any CPU
		{331A7C3B-45DC-4E04-85BF-DE1934C6B3FA}.Release|arm64.ActiveCfg = Release|Any CPU
		{331A7C3B-45DC-4E04-85BF-DE1934C6B3FA}.Release|arm64.Build.0 = Release|Any CPU
		{331A7C3B-45DC-4E04-85BF-DE1934C6B3FA}.Release|x86.ActiveCfg = Release|Any CPU
		{331A7C3B-45DC-4E04-85BF-DE1934C6B3FA}.Release|x86.Build.0 = Release|Any CPU
		{A6B66561-D223-4E78-8686-C9FC4FF48961}.Debug|Any CPU.ActiveCfg = Debug|Any CPU
		{A6B66561-D223-4E78-8686-C9FC4FF48961}.Debug|Any CPU.Build.0 = Debug|Any CPU
		{A6B66561-D223-4E78-8686-C9FC4FF48961}.Debug|arm64.ActiveCfg = Debug|arm64
		{A6B66561-D223-4E78-8686-C9FC4FF48961}.Debug|arm64.Build.0 = Debug|arm64
		{A6B66561-D223-4E78-8686-C9FC4FF48961}.Debug|x86.ActiveCfg = Debug|x86
		{A6B66561-D223-4E78-8686-C9FC4FF48961}.Debug|x86.Build.0 = Debug|x86
		{A6B66561-D223-4E78-8686-C9FC4FF48961}.Release|Any CPU.ActiveCfg = Release|Any CPU
		{A6B66561-D223-4E78-8686-C9FC4FF48961}.Release|Any CPU.Build.0 = Release|Any CPU
		{A6B66561-D223-4E78-8686-C9FC4FF48961}.Release|arm64.ActiveCfg = Release|arm64
		{A6B66561-D223-4E78-8686-C9FC4FF48961}.Release|arm64.Build.0 = Release|arm64
		{A6B66561-D223-4E78-8686-C9FC4FF48961}.Release|x86.ActiveCfg = Release|x86
		{A6B66561-D223-4E78-8686-C9FC4FF48961}.Release|x86.Build.0 = Release|x86
		{C277771C-0B10-4EFB-ADE6-6BD9963A2CF0}.Debug|Any CPU.ActiveCfg = Debug|Any CPU
		{C277771C-0B10-4EFB-ADE6-6BD9963A2CF0}.Debug|Any CPU.Build.0 = Debug|Any CPU
		{C277771C-0B10-4EFB-ADE6-6BD9963A2CF0}.Debug|arm64.ActiveCfg = Debug|arm64
		{C277771C-0B10-4EFB-ADE6-6BD9963A2CF0}.Debug|arm64.Build.0 = Debug|arm64
		{C277771C-0B10-4EFB-ADE6-6BD9963A2CF0}.Debug|x86.ActiveCfg = Debug|x86
		{C277771C-0B10-4EFB-ADE6-6BD9963A2CF0}.Debug|x86.Build.0 = Debug|x86
		{C277771C-0B10-4EFB-ADE6-6BD9963A2CF0}.Release|Any CPU.ActiveCfg = Release|Any CPU
		{C277771C-0B10-4EFB-ADE6-6BD9963A2CF0}.Release|Any CPU.Build.0 = Release|Any CPU
		{C277771C-0B10-4EFB-ADE6-6BD9963A2CF0}.Release|arm64.ActiveCfg = Release|arm64
		{C277771C-0B10-4EFB-ADE6-6BD9963A2CF0}.Release|arm64.Build.0 = Release|arm64
		{C277771C-0B10-4EFB-ADE6-6BD9963A2CF0}.Release|x86.ActiveCfg = Release|x86
		{C277771C-0B10-4EFB-ADE6-6BD9963A2CF0}.Release|x86.Build.0 = Release|x86
		{F6C0B61D-81B4-48EB-ABD4-E8680A9F9992}.Debug|Any CPU.ActiveCfg = Debug|Any CPU
		{F6C0B61D-81B4-48EB-ABD4-E8680A9F9992}.Debug|Any CPU.Build.0 = Debug|Any CPU
		{F6C0B61D-81B4-48EB-ABD4-E8680A9F9992}.Debug|arm64.ActiveCfg = Debug|Any CPU
		{F6C0B61D-81B4-48EB-ABD4-E8680A9F9992}.Debug|arm64.Build.0 = Debug|Any CPU
		{F6C0B61D-81B4-48EB-ABD4-E8680A9F9992}.Debug|x86.ActiveCfg = Debug|Any CPU
		{F6C0B61D-81B4-48EB-ABD4-E8680A9F9992}.Debug|x86.Build.0 = Debug|Any CPU
		{F6C0B61D-81B4-48EB-ABD4-E8680A9F9992}.Release|Any CPU.ActiveCfg = Release|Any CPU
		{F6C0B61D-81B4-48EB-ABD4-E8680A9F9992}.Release|Any CPU.Build.0 = Release|Any CPU
		{F6C0B61D-81B4-48EB-ABD4-E8680A9F9992}.Release|arm64.ActiveCfg = Release|Any CPU
		{F6C0B61D-81B4-48EB-ABD4-E8680A9F9992}.Release|arm64.Build.0 = Release|Any CPU
		{F6C0B61D-81B4-48EB-ABD4-E8680A9F9992}.Release|x86.ActiveCfg = Release|Any CPU
		{F6C0B61D-81B4-48EB-ABD4-E8680A9F9992}.Release|x86.Build.0 = Release|Any CPU
		{653D447D-2324-4A7E-8E13-BAA50606C0C8}.Debug|Any CPU.ActiveCfg = Debug|Any CPU
		{653D447D-2324-4A7E-8E13-BAA50606C0C8}.Debug|Any CPU.Build.0 = Debug|Any CPU
		{653D447D-2324-4A7E-8E13-BAA50606C0C8}.Debug|arm64.ActiveCfg = Debug|Any CPU
		{653D447D-2324-4A7E-8E13-BAA50606C0C8}.Debug|arm64.Build.0 = Debug|Any CPU
		{653D447D-2324-4A7E-8E13-BAA50606C0C8}.Debug|x86.ActiveCfg = Debug|Any CPU
		{653D447D-2324-4A7E-8E13-BAA50606C0C8}.Debug|x86.Build.0 = Debug|Any CPU
		{653D447D-2324-4A7E-8E13-BAA50606C0C8}.Release|Any CPU.ActiveCfg = Release|Any CPU
		{653D447D-2324-4A7E-8E13-BAA50606C0C8}.Release|Any CPU.Build.0 = Release|Any CPU
		{653D447D-2324-4A7E-8E13-BAA50606C0C8}.Release|arm64.ActiveCfg = Release|Any CPU
		{653D447D-2324-4A7E-8E13-BAA50606C0C8}.Release|arm64.Build.0 = Release|Any CPU
		{653D447D-2324-4A7E-8E13-BAA50606C0C8}.Release|x86.ActiveCfg = Release|Any CPU
		{653D447D-2324-4A7E-8E13-BAA50606C0C8}.Release|x86.Build.0 = Release|Any CPU
		{27958AB4-DCB1-4E12-875D-6E60CC42F0E0}.Debug|Any CPU.ActiveCfg = Debug|Any CPU
		{27958AB4-DCB1-4E12-875D-6E60CC42F0E0}.Debug|Any CPU.Build.0 = Debug|Any CPU
		{27958AB4-DCB1-4E12-875D-6E60CC42F0E0}.Debug|arm64.ActiveCfg = Debug|Any CPU
		{27958AB4-DCB1-4E12-875D-6E60CC42F0E0}.Debug|arm64.Build.0 = Debug|Any CPU
		{27958AB4-DCB1-4E12-875D-6E60CC42F0E0}.Debug|x86.ActiveCfg = Debug|Any CPU
		{27958AB4-DCB1-4E12-875D-6E60CC42F0E0}.Debug|x86.Build.0 = Debug|Any CPU
		{27958AB4-DCB1-4E12-875D-6E60CC42F0E0}.Release|Any CPU.ActiveCfg = Release|Any CPU
		{27958AB4-DCB1-4E12-875D-6E60CC42F0E0}.Release|Any CPU.Build.0 = Release|Any CPU
		{27958AB4-DCB1-4E12-875D-6E60CC42F0E0}.Release|arm64.ActiveCfg = Release|Any CPU
		{27958AB4-DCB1-4E12-875D-6E60CC42F0E0}.Release|arm64.Build.0 = Release|Any CPU
		{27958AB4-DCB1-4E12-875D-6E60CC42F0E0}.Release|x86.ActiveCfg = Release|Any CPU
		{27958AB4-DCB1-4E12-875D-6E60CC42F0E0}.Release|x86.Build.0 = Release|Any CPU
		{0C8612CA-601A-4FEA-8A62-187DB25376F8}.Debug|Any CPU.ActiveCfg = Debug|Any CPU
		{0C8612CA-601A-4FEA-8A62-187DB25376F8}.Debug|Any CPU.Build.0 = Debug|Any CPU
		{0C8612CA-601A-4FEA-8A62-187DB25376F8}.Debug|arm64.ActiveCfg = Debug|Any CPU
		{0C8612CA-601A-4FEA-8A62-187DB25376F8}.Debug|arm64.Build.0 = Debug|Any CPU
		{0C8612CA-601A-4FEA-8A62-187DB25376F8}.Debug|x86.ActiveCfg = Debug|Any CPU
		{0C8612CA-601A-4FEA-8A62-187DB25376F8}.Debug|x86.Build.0 = Debug|Any CPU
		{0C8612CA-601A-4FEA-8A62-187DB25376F8}.Release|Any CPU.ActiveCfg = Release|Any CPU
		{0C8612CA-601A-4FEA-8A62-187DB25376F8}.Release|Any CPU.Build.0 = Release|Any CPU
		{0C8612CA-601A-4FEA-8A62-187DB25376F8}.Release|arm64.ActiveCfg = Release|Any CPU
		{0C8612CA-601A-4FEA-8A62-187DB25376F8}.Release|arm64.Build.0 = Release|Any CPU
		{0C8612CA-601A-4FEA-8A62-187DB25376F8}.Release|x86.ActiveCfg = Release|Any CPU
		{0C8612CA-601A-4FEA-8A62-187DB25376F8}.Release|x86.Build.0 = Release|Any CPU
		{4C55400C-B19E-467B-8D0D-0A73FFE0E94F}.Debug|Any CPU.ActiveCfg = Debug|Any CPU
		{4C55400C-B19E-467B-8D0D-0A73FFE0E94F}.Debug|Any CPU.Build.0 = Debug|Any CPU
		{4C55400C-B19E-467B-8D0D-0A73FFE0E94F}.Debug|arm64.ActiveCfg = Debug|Any CPU
		{4C55400C-B19E-467B-8D0D-0A73FFE0E94F}.Debug|arm64.Build.0 = Debug|Any CPU
		{4C55400C-B19E-467B-8D0D-0A73FFE0E94F}.Debug|x86.ActiveCfg = Debug|Any CPU
		{4C55400C-B19E-467B-8D0D-0A73FFE0E94F}.Debug|x86.Build.0 = Debug|Any CPU
		{4C55400C-B19E-467B-8D0D-0A73FFE0E94F}.Release|Any CPU.ActiveCfg = Release|Any CPU
		{4C55400C-B19E-467B-8D0D-0A73FFE0E94F}.Release|Any CPU.Build.0 = Release|Any CPU
		{4C55400C-B19E-467B-8D0D-0A73FFE0E94F}.Release|arm64.ActiveCfg = Release|Any CPU
		{4C55400C-B19E-467B-8D0D-0A73FFE0E94F}.Release|arm64.Build.0 = Release|Any CPU
		{4C55400C-B19E-467B-8D0D-0A73FFE0E94F}.Release|x86.ActiveCfg = Release|Any CPU
		{4C55400C-B19E-467B-8D0D-0A73FFE0E94F}.Release|x86.Build.0 = Release|Any CPU
		{00704784-A7D9-4A05-BAE3-1B112025A57E}.Debug|Any CPU.ActiveCfg = Debug|Any CPU
		{00704784-A7D9-4A05-BAE3-1B112025A57E}.Debug|Any CPU.Build.0 = Debug|Any CPU
		{00704784-A7D9-4A05-BAE3-1B112025A57E}.Debug|arm64.ActiveCfg = Debug|Any CPU
		{00704784-A7D9-4A05-BAE3-1B112025A57E}.Debug|arm64.Build.0 = Debug|Any CPU
		{00704784-A7D9-4A05-BAE3-1B112025A57E}.Debug|x86.ActiveCfg = Debug|Any CPU
		{00704784-A7D9-4A05-BAE3-1B112025A57E}.Debug|x86.Build.0 = Debug|Any CPU
		{00704784-A7D9-4A05-BAE3-1B112025A57E}.Release|Any CPU.ActiveCfg = Release|Any CPU
		{00704784-A7D9-4A05-BAE3-1B112025A57E}.Release|Any CPU.Build.0 = Release|Any CPU
		{00704784-A7D9-4A05-BAE3-1B112025A57E}.Release|arm64.ActiveCfg = Release|Any CPU
		{00704784-A7D9-4A05-BAE3-1B112025A57E}.Release|arm64.Build.0 = Release|Any CPU
		{00704784-A7D9-4A05-BAE3-1B112025A57E}.Release|x86.ActiveCfg = Release|Any CPU
		{00704784-A7D9-4A05-BAE3-1B112025A57E}.Release|x86.Build.0 = Release|Any CPU
		{AA88379B-5DCD-4137-955E-24832C8E82A5}.Debug|Any CPU.ActiveCfg = Debug|Any CPU
		{AA88379B-5DCD-4137-955E-24832C8E82A5}.Debug|Any CPU.Build.0 = Debug|Any CPU
		{AA88379B-5DCD-4137-955E-24832C8E82A5}.Debug|arm64.ActiveCfg = Debug|Any CPU
		{AA88379B-5DCD-4137-955E-24832C8E82A5}.Debug|arm64.Build.0 = Debug|Any CPU
		{AA88379B-5DCD-4137-955E-24832C8E82A5}.Debug|x86.ActiveCfg = Debug|Any CPU
		{AA88379B-5DCD-4137-955E-24832C8E82A5}.Debug|x86.Build.0 = Debug|Any CPU
		{AA88379B-5DCD-4137-955E-24832C8E82A5}.Release|Any CPU.ActiveCfg = Release|Any CPU
		{AA88379B-5DCD-4137-955E-24832C8E82A5}.Release|Any CPU.Build.0 = Release|Any CPU
		{AA88379B-5DCD-4137-955E-24832C8E82A5}.Release|arm64.ActiveCfg = Release|Any CPU
		{AA88379B-5DCD-4137-955E-24832C8E82A5}.Release|arm64.Build.0 = Release|Any CPU
		{AA88379B-5DCD-4137-955E-24832C8E82A5}.Release|x86.ActiveCfg = Release|Any CPU
		{AA88379B-5DCD-4137-955E-24832C8E82A5}.Release|x86.Build.0 = Release|Any CPU
		{4CA6BC9C-04A3-47C9-9896-B9A4104B72BF}.Debug|Any CPU.ActiveCfg = Debug|Any CPU
		{4CA6BC9C-04A3-47C9-9896-B9A4104B72BF}.Debug|Any CPU.Build.0 = Debug|Any CPU
		{4CA6BC9C-04A3-47C9-9896-B9A4104B72BF}.Debug|arm64.ActiveCfg = Debug|Any CPU
		{4CA6BC9C-04A3-47C9-9896-B9A4104B72BF}.Debug|arm64.Build.0 = Debug|Any CPU
		{4CA6BC9C-04A3-47C9-9896-B9A4104B72BF}.Debug|x86.ActiveCfg = Debug|Any CPU
		{4CA6BC9C-04A3-47C9-9896-B9A4104B72BF}.Debug|x86.Build.0 = Debug|Any CPU
		{4CA6BC9C-04A3-47C9-9896-B9A4104B72BF}.Release|Any CPU.ActiveCfg = Release|Any CPU
		{4CA6BC9C-04A3-47C9-9896-B9A4104B72BF}.Release|Any CPU.Build.0 = Release|Any CPU
		{4CA6BC9C-04A3-47C9-9896-B9A4104B72BF}.Release|arm64.ActiveCfg = Release|Any CPU
		{4CA6BC9C-04A3-47C9-9896-B9A4104B72BF}.Release|arm64.Build.0 = Release|Any CPU
		{4CA6BC9C-04A3-47C9-9896-B9A4104B72BF}.Release|x86.ActiveCfg = Release|Any CPU
		{4CA6BC9C-04A3-47C9-9896-B9A4104B72BF}.Release|x86.Build.0 = Release|Any CPU
		{0C31B459-5FA3-439A-A903-F8A08E52CEBE}.Debug|Any CPU.ActiveCfg = Debug|Any CPU
		{0C31B459-5FA3-439A-A903-F8A08E52CEBE}.Debug|Any CPU.Build.0 = Debug|Any CPU
		{0C31B459-5FA3-439A-A903-F8A08E52CEBE}.Debug|arm64.ActiveCfg = Debug|Any CPU
		{0C31B459-5FA3-439A-A903-F8A08E52CEBE}.Debug|arm64.Build.0 = Debug|Any CPU
		{0C31B459-5FA3-439A-A903-F8A08E52CEBE}.Debug|x86.ActiveCfg = Debug|Any CPU
		{0C31B459-5FA3-439A-A903-F8A08E52CEBE}.Debug|x86.Build.0 = Debug|Any CPU
		{0C31B459-5FA3-439A-A903-F8A08E52CEBE}.Release|Any CPU.ActiveCfg = Release|Any CPU
		{0C31B459-5FA3-439A-A903-F8A08E52CEBE}.Release|Any CPU.Build.0 = Release|Any CPU
		{0C31B459-5FA3-439A-A903-F8A08E52CEBE}.Release|arm64.ActiveCfg = Release|Any CPU
		{0C31B459-5FA3-439A-A903-F8A08E52CEBE}.Release|arm64.Build.0 = Release|Any CPU
		{0C31B459-5FA3-439A-A903-F8A08E52CEBE}.Release|x86.ActiveCfg = Release|Any CPU
		{0C31B459-5FA3-439A-A903-F8A08E52CEBE}.Release|x86.Build.0 = Release|Any CPU
		{F9DFE855-1AC9-4C20-BEF5-A1CCC9190DD4}.Debug|Any CPU.ActiveCfg = Debug|Any CPU
		{F9DFE855-1AC9-4C20-BEF5-A1CCC9190DD4}.Debug|Any CPU.Build.0 = Debug|Any CPU
		{F9DFE855-1AC9-4C20-BEF5-A1CCC9190DD4}.Debug|arm64.ActiveCfg = Debug|Any CPU
		{F9DFE855-1AC9-4C20-BEF5-A1CCC9190DD4}.Debug|arm64.Build.0 = Debug|Any CPU
		{F9DFE855-1AC9-4C20-BEF5-A1CCC9190DD4}.Debug|x86.ActiveCfg = Debug|Any CPU
		{F9DFE855-1AC9-4C20-BEF5-A1CCC9190DD4}.Debug|x86.Build.0 = Debug|Any CPU
		{F9DFE855-1AC9-4C20-BEF5-A1CCC9190DD4}.Release|Any CPU.ActiveCfg = Release|Any CPU
		{F9DFE855-1AC9-4C20-BEF5-A1CCC9190DD4}.Release|Any CPU.Build.0 = Release|Any CPU
		{F9DFE855-1AC9-4C20-BEF5-A1CCC9190DD4}.Release|arm64.ActiveCfg = Release|Any CPU
		{F9DFE855-1AC9-4C20-BEF5-A1CCC9190DD4}.Release|arm64.Build.0 = Release|Any CPU
		{F9DFE855-1AC9-4C20-BEF5-A1CCC9190DD4}.Release|x86.ActiveCfg = Release|Any CPU
		{F9DFE855-1AC9-4C20-BEF5-A1CCC9190DD4}.Release|x86.Build.0 = Release|Any CPU
		{E6D5BE21-947E-4B97-B1E2-5E53C91A5FE5}.Debug|Any CPU.ActiveCfg = Debug|Any CPU
		{E6D5BE21-947E-4B97-B1E2-5E53C91A5FE5}.Debug|Any CPU.Build.0 = Debug|Any CPU
		{E6D5BE21-947E-4B97-B1E2-5E53C91A5FE5}.Debug|arm64.ActiveCfg = Debug|Any CPU
		{E6D5BE21-947E-4B97-B1E2-5E53C91A5FE5}.Debug|arm64.Build.0 = Debug|Any CPU
		{E6D5BE21-947E-4B97-B1E2-5E53C91A5FE5}.Debug|x86.ActiveCfg = Debug|Any CPU
		{E6D5BE21-947E-4B97-B1E2-5E53C91A5FE5}.Debug|x86.Build.0 = Debug|Any CPU
		{E6D5BE21-947E-4B97-B1E2-5E53C91A5FE5}.Release|Any CPU.ActiveCfg = Release|Any CPU
		{E6D5BE21-947E-4B97-B1E2-5E53C91A5FE5}.Release|Any CPU.Build.0 = Release|Any CPU
		{E6D5BE21-947E-4B97-B1E2-5E53C91A5FE5}.Release|arm64.ActiveCfg = Release|Any CPU
		{E6D5BE21-947E-4B97-B1E2-5E53C91A5FE5}.Release|arm64.Build.0 = Release|Any CPU
		{E6D5BE21-947E-4B97-B1E2-5E53C91A5FE5}.Release|x86.ActiveCfg = Release|Any CPU
		{E6D5BE21-947E-4B97-B1E2-5E53C91A5FE5}.Release|x86.Build.0 = Release|Any CPU
		{969D45B7-E1E3-4494-9DB7-DA57296F0C71}.Debug|Any CPU.ActiveCfg = Debug|Any CPU
		{969D45B7-E1E3-4494-9DB7-DA57296F0C71}.Debug|Any CPU.Build.0 = Debug|Any CPU
		{969D45B7-E1E3-4494-9DB7-DA57296F0C71}.Debug|arm64.ActiveCfg = Debug|Any CPU
		{969D45B7-E1E3-4494-9DB7-DA57296F0C71}.Debug|arm64.Build.0 = Debug|Any CPU
		{969D45B7-E1E3-4494-9DB7-DA57296F0C71}.Debug|x86.ActiveCfg = Debug|Any CPU
		{969D45B7-E1E3-4494-9DB7-DA57296F0C71}.Debug|x86.Build.0 = Debug|Any CPU
		{969D45B7-E1E3-4494-9DB7-DA57296F0C71}.Release|Any CPU.ActiveCfg = Release|Any CPU
		{969D45B7-E1E3-4494-9DB7-DA57296F0C71}.Release|Any CPU.Build.0 = Release|Any CPU
		{969D45B7-E1E3-4494-9DB7-DA57296F0C71}.Release|arm64.ActiveCfg = Release|Any CPU
		{969D45B7-E1E3-4494-9DB7-DA57296F0C71}.Release|arm64.Build.0 = Release|Any CPU
		{969D45B7-E1E3-4494-9DB7-DA57296F0C71}.Release|x86.ActiveCfg = Release|Any CPU
		{969D45B7-E1E3-4494-9DB7-DA57296F0C71}.Release|x86.Build.0 = Release|Any CPU
		{6007C29F-4B0A-4E53-BB62-EF7445913E0D}.Debug|Any CPU.ActiveCfg = Debug|Any CPU
		{6007C29F-4B0A-4E53-BB62-EF7445913E0D}.Debug|Any CPU.Build.0 = Debug|Any CPU
		{6007C29F-4B0A-4E53-BB62-EF7445913E0D}.Debug|arm64.ActiveCfg = Debug|Any CPU
		{6007C29F-4B0A-4E53-BB62-EF7445913E0D}.Debug|arm64.Build.0 = Debug|Any CPU
		{6007C29F-4B0A-4E53-BB62-EF7445913E0D}.Debug|x86.ActiveCfg = Debug|Any CPU
		{6007C29F-4B0A-4E53-BB62-EF7445913E0D}.Debug|x86.Build.0 = Debug|Any CPU
		{6007C29F-4B0A-4E53-BB62-EF7445913E0D}.Release|Any CPU.ActiveCfg = Release|Any CPU
		{6007C29F-4B0A-4E53-BB62-EF7445913E0D}.Release|Any CPU.Build.0 = Release|Any CPU
		{6007C29F-4B0A-4E53-BB62-EF7445913E0D}.Release|arm64.ActiveCfg = Release|Any CPU
		{6007C29F-4B0A-4E53-BB62-EF7445913E0D}.Release|arm64.Build.0 = Release|Any CPU
		{6007C29F-4B0A-4E53-BB62-EF7445913E0D}.Release|x86.ActiveCfg = Release|Any CPU
		{6007C29F-4B0A-4E53-BB62-EF7445913E0D}.Release|x86.Build.0 = Release|Any CPU
	EndGlobalSection
	GlobalSection(SolutionProperties) = preSolution
		HideSolutionNode = FALSE
	EndGlobalSection
	GlobalSection(ExtensibilityGlobals) = postSolution
		SolutionGuid = {A9B51A67-6F0B-44FA-99CB-7BFA5DDFE6E4}
	EndGlobalSection
EndGlobal
