
Microsoft Visual Studio Solution File, Format Version 12.00
# Visual Studio Version 17
VisualStudioVersion = 17.1.32414.318
MinimumVisualStudioVersion = 10.0.40219.1
Project("{9A19103F-16F7-4668-BE54-9A1E7A4F7556}") = "EXTENSIONS", "EXTENSIONS.csproj", "{331A7C3B-45DC-4E04-85BF-DE1934C6B3FA}"
EndProject
Project("{FAE04EC0-301F-11D3-BF4B-00C04F79EFBC}") = "~ExtensionsClass", "~ExtensionsClass\~ExtensionsClass.csproj", "{A6B66561-D223-4E78-8686-C9FC4FF48961}"
EndProject
Project("{FAE04EC0-301F-11D3-BF4B-00C04F79EFBC}") = "~CsVisualStudioExtensions", "~CsVisualStudioExtensions\~CsVisualStudioExtensions.csproj", "{C277771C-0B10-4EFB-ADE6-6BD9963A2CF0}"
EndProject
Project("{2150E333-8FDC-42A3-9474-1A3956D46DE8}") = "Solution Items", "Solution Items", "{AA5952F2-FA71-4A15-B3C4-91B6B075623F}"
	ProjectSection(SolutionItems) = preProject
		VSIX\~CsVisualStudioExtensions.vsix = VSIX\~CsVisualStudioExtensions.vsix
	EndProjectSection
EndProject
Project("{9A19103F-16F7-4668-BE54-9A1E7A4F7556}") = "BuildBump", "BuildBump\BuildBump.csproj", "{F6C0B61D-81B4-48EB-ABD4-E8680A9F9992}"
	ProjectSection(ProjectDependencies) = postProject
		{331A7C3B-45DC-4E04-85BF-DE1934C6B3FA} = {331A7C3B-45DC-4E04-85BF-DE1934C6B3FA}
	EndProjectSection
EndProject
Project("{9A19103F-16F7-4668-BE54-9A1E7A4F7556}") = "Extensions.Graph", "Extensions.Graph\Extensions.Graph.csproj", "{0FA42816-F785-4AD6-8E67-98FAE854CE21}"
EndProject
Project("{9A19103F-16F7-4668-BE54-9A1E7A4F7556}") = "Extensions.Core", "Extensions.Core\Extensions.Core.csproj", "{1097ADA1-5FA3-4E13-92AF-57104015DE8C}"
EndProject
Project("{9A19103F-16F7-4668-BE54-9A1E7A4F7556}") = "Extensions.Constants", "Extensions.Constants\Extensions.Constants.csproj", "{6A69FE24-D534-42D4-99D4-7C95091AE703}"
EndProject
Project("{9A19103F-16F7-4668-BE54-9A1E7A4F7556}") = "Extensions.Identity", "Extensions.Identity\Extensions.Identity.csproj", "{CF697F0A-97EE-4C75-B0B3-CBDC421A3476}"
EndProject
Project("{9A19103F-16F7-4668-BE54-9A1E7A4F7556}") = "Extensions.String", "Extensions.String\Extensions.String.csproj", "{526043BC-A852-4377-A894-4928BE7C68A3}"
EndProject
Project("{9A19103F-16F7-4668-BE54-9A1E7A4F7556}") = "Extensions.Logit", "Extensions.Logit\Extensions.Logit.csproj", "{C503B486-6787-4D97-8A93-0F9BEB199930}"
EndProject
Project("{9A19103F-16F7-4668-BE54-9A1E7A4F7556}") = "Extensions.Azure", "Extensions.Azure\Extensions.Azure.csproj", "{18785D02-5B08-4342-9AEA-9449ECD3DA37}"
EndProject
Project("{9A19103F-16F7-4668-BE54-9A1E7A4F7556}") = "Extensions.State", "Extensions.State\Extensions.State.csproj", "{A053DB3E-7813-4EF0-9746-FBB14BDF8F00}"
EndProject
Project("{9A19103F-16F7-4668-BE54-9A1E7A4F7556}") = "Extensions.Telemetry", "Extensions.Telemetry\Extensions.Telemetry.csproj", "{12B56324-3525-4836-8088-9D87F6E98F2C}"
EndProject
Global
	GlobalSection(SolutionConfigurationPlatforms) = preSolution
		Debug|Any CPU = Debug|Any CPU
		Debug|arm64 = Debug|arm64
		Debug|x86 = Debug|x86
		Release|Any CPU = Release|Any CPU
		Release|arm64 = Release|arm64
		Release|x86 = Release|x86
	EndGlobalSection
	GlobalSection(ProjectConfigurationPlatforms) = postSolution
		{331A7C3B-45DC-4E04-85BF-DE1934C6B3FA}.Debug|Any CPU.ActiveCfg = Debug|Any CPU
		{331A7C3B-45DC-4E04-85BF-DE1934C6B3FA}.Debug|Any CPU.Build.0 = Debug|Any CPU
		{331A7C3B-45DC-4E04-85BF-DE1934C6B3FA}.Debug|arm64.ActiveCfg = Debug|Any CPU
		{331A7C3B-45DC-4E04-85BF-DE1934C6B3FA}.Debug|arm64.Build.0 = Debug|Any CPU
		{331A7C3B-45DC-4E04-85BF-DE1934C6B3FA}.Debug|x86.ActiveCfg = Debug|Any CPU
		{331A7C3B-45DC-4E04-85BF-DE1934C6B3FA}.Debug|x86.Build.0 = Debug|Any CPU
		{331A7C3B-45DC-4E04-85BF-DE1934C6B3FA}.Release|Any CPU.ActiveCfg = Release|Any CPU
		{331A7C3B-45DC-4E04-85BF-DE1934C6B3FA}.Release|Any CPU.Build.0 = Release|Any CPU
		{331A7C3B-45DC-4E04-85BF-DE1934C6B3FA}.Release|arm64.ActiveCfg = Release|Any CPU
		{331A7C3B-45DC-4E04-85BF-DE1934C6B3FA}.Release|arm64.Build.0 = Release|Any CPU
		{331A7C3B-45DC-4E04-85BF-DE1934C6B3FA}.Release|x86.ActiveCfg = Release|Any CPU
		{331A7C3B-45DC-4E04-85BF-DE1934C6B3FA}.Release|x86.Build.0 = Release|Any CPU
		{A6B66561-D223-4E78-8686-C9FC4FF48961}.Debug|Any CPU.ActiveCfg = Debug|Any CPU
		{A6B66561-D223-4E78-8686-C9FC4FF48961}.Debug|Any CPU.Build.0 = Debug|Any CPU
		{A6B66561-D223-4E78-8686-C9FC4FF48961}.Debug|arm64.ActiveCfg = Debug|arm64
		{A6B66561-D223-4E78-8686-C9FC4FF48961}.Debug|arm64.Build.0 = Debug|arm64
		{A6B66561-D223-4E78-8686-C9FC4FF48961}.Debug|x86.ActiveCfg = Debug|x86
		{A6B66561-D223-4E78-8686-C9FC4FF48961}.Debug|x86.Build.0 = Debug|x86
		{A6B66561-D223-4E78-8686-C9FC4FF48961}.Release|Any CPU.ActiveCfg = Release|Any CPU
		{A6B66561-D223-4E78-8686-C9FC4FF48961}.Release|Any CPU.Build.0 = Release|Any CPU
		{A6B66561-D223-4E78-8686-C9FC4FF48961}.Release|arm64.ActiveCfg = Release|arm64
		{A6B66561-D223-4E78-8686-C9FC4FF48961}.Release|arm64.Build.0 = Release|arm64
		{A6B66561-D223-4E78-8686-C9FC4FF48961}.Release|x86.ActiveCfg = Release|x86
		{A6B66561-D223-4E78-8686-C9FC4FF48961}.Release|x86.Build.0 = Release|x86
		{C277771C-0B10-4EFB-ADE6-6BD9963A2CF0}.Debug|Any CPU.ActiveCfg = Debug|Any CPU
		{C277771C-0B10-4EFB-ADE6-6BD9963A2CF0}.Debug|Any CPU.Build.0 = Debug|Any CPU
		{C277771C-0B10-4EFB-ADE6-6BD9963A2CF0}.Debug|arm64.ActiveCfg = Debug|arm64
		{C277771C-0B10-4EFB-ADE6-6BD9963A2CF0}.Debug|arm64.Build.0 = Debug|arm64
		{C277771C-0B10-4EFB-ADE6-6BD9963A2CF0}.Debug|x86.ActiveCfg = Debug|x86
		{C277771C-0B10-4EFB-ADE6-6BD9963A2CF0}.Debug|x86.Build.0 = Debug|x86
		{C277771C-0B10-4EFB-ADE6-6BD9963A2CF0}.Release|Any CPU.ActiveCfg = Release|Any CPU
		{C277771C-0B10-4EFB-ADE6-6BD9963A2CF0}.Release|Any CPU.Build.0 = Release|Any CPU
		{C277771C-0B10-4EFB-ADE6-6BD9963A2CF0}.Release|arm64.ActiveCfg = Release|arm64
		{C277771C-0B10-4EFB-ADE6-6BD9963A2CF0}.Release|arm64.Build.0 = Release|arm64
		{C277771C-0B10-4EFB-ADE6-6BD9963A2CF0}.Release|x86.ActiveCfg = Release|x86
		{C277771C-0B10-4EFB-ADE6-6BD9963A2CF0}.Release|x86.Build.0 = Release|x86
		{F6C0B61D-81B4-48EB-ABD4-E8680A9F9992}.Debug|Any CPU.ActiveCfg = Debug|Any CPU
		{F6C0B61D-81B4-48EB-ABD4-E8680A9F9992}.Debug|Any CPU.Build.0 = Debug|Any CPU
		{F6C0B61D-81B4-48EB-ABD4-E8680A9F9992}.Debug|arm64.ActiveCfg = Debug|Any CPU
		{F6C0B61D-81B4-48EB-ABD4-E8680A9F9992}.Debug|arm64.Build.0 = Debug|Any CPU
		{F6C0B61D-81B4-48EB-ABD4-E8680A9F9992}.Debug|x86.ActiveCfg = Debug|Any CPU
		{F6C0B61D-81B4-48EB-ABD4-E8680A9F9992}.Debug|x86.Build.0 = Debug|Any CPU
		{F6C0B61D-81B4-48EB-ABD4-E8680A9F9992}.Release|Any CPU.ActiveCfg = Release|Any CPU
		{F6C0B61D-81B4-48EB-ABD4-E8680A9F9992}.Release|Any CPU.Build.0 = Release|Any CPU
		{F6C0B61D-81B4-48EB-ABD4-E8680A9F9992}.Release|arm64.ActiveCfg = Release|Any CPU
		{F6C0B61D-81B4-48EB-ABD4-E8680A9F9992}.Release|arm64.Build.0 = Release|Any CPU
		{F6C0B61D-81B4-48EB-ABD4-E8680A9F9992}.Release|x86.ActiveCfg = Release|Any CPU
		{F6C0B61D-81B4-48EB-ABD4-E8680A9F9992}.Release|x86.Build.0 = Release|Any CPU
		{0FA42816-F785-4AD6-8E67-98FAE854CE21}.Debug|Any CPU.ActiveCfg = Debug|Any CPU
		{0FA42816-F785-4AD6-8E67-98FAE854CE21}.Debug|Any CPU.Build.0 = Debug|Any CPU
		{0FA42816-F785-4AD6-8E67-98FAE854CE21}.Debug|arm64.ActiveCfg = Debug|Any CPU
		{0FA42816-F785-4AD6-8E67-98FAE854CE21}.Debug|arm64.Build.0 = Debug|Any CPU
		{0FA42816-F785-4AD6-8E67-98FAE854CE21}.Debug|x86.ActiveCfg = Debug|Any CPU
		{0FA42816-F785-4AD6-8E67-98FAE854CE21}.Debug|x86.Build.0 = Debug|Any CPU
		{0FA42816-F785-4AD6-8E67-98FAE854CE21}.Release|Any CPU.ActiveCfg = Release|Any CPU
		{0FA42816-F785-4AD6-8E67-98FAE854CE21}.Release|Any CPU.Build.0 = Release|Any CPU
		{0FA42816-F785-4AD6-8E67-98FAE854CE21}.Release|arm64.ActiveCfg = Release|Any CPU
		{0FA42816-F785-4AD6-8E67-98FAE854CE21}.Release|arm64.Build.0 = Release|Any CPU
		{0FA42816-F785-4AD6-8E67-98FAE854CE21}.Release|x86.ActiveCfg = Release|Any CPU
		{0FA42816-F785-4AD6-8E67-98FAE854CE21}.Release|x86.Build.0 = Release|Any CPU
		{1097ADA1-5FA3-4E13-92AF-57104015DE8C}.Debug|Any CPU.ActiveCfg = Debug|Any CPU
		{1097ADA1-5FA3-4E13-92AF-57104015DE8C}.Debug|Any CPU.Build.0 = Debug|Any CPU
		{1097ADA1-5FA3-4E13-92AF-57104015DE8C}.Debug|arm64.ActiveCfg = Debug|Any CPU
		{1097ADA1-5FA3-4E13-92AF-57104015DE8C}.Debug|arm64.Build.0 = Debug|Any CPU
		{1097ADA1-5FA3-4E13-92AF-57104015DE8C}.Debug|x86.ActiveCfg = Debug|Any CPU
		{1097ADA1-5FA3-4E13-92AF-57104015DE8C}.Debug|x86.Build.0 = Debug|Any CPU
		{1097ADA1-5FA3-4E13-92AF-57104015DE8C}.Release|Any CPU.ActiveCfg = Release|Any CPU
		{1097ADA1-5FA3-4E13-92AF-57104015DE8C}.Release|Any CPU.Build.0 = Release|Any CPU
		{1097ADA1-5FA3-4E13-92AF-57104015DE8C}.Release|arm64.ActiveCfg = Release|Any CPU
		{1097ADA1-5FA3-4E13-92AF-57104015DE8C}.Release|arm64.Build.0 = Release|Any CPU
		{1097ADA1-5FA3-4E13-92AF-57104015DE8C}.Release|x86.ActiveCfg = Release|Any CPU
		{1097ADA1-5FA3-4E13-92AF-57104015DE8C}.Release|x86.Build.0 = Release|Any CPU
		{6A69FE24-D534-42D4-99D4-7C95091AE703}.Debug|Any CPU.ActiveCfg = Debug|Any CPU
		{6A69FE24-D534-42D4-99D4-7C95091AE703}.Debug|Any CPU.Build.0 = Debug|Any CPU
		{6A69FE24-D534-42D4-99D4-7C95091AE703}.Debug|arm64.ActiveCfg = Debug|Any CPU
		{6A69FE24-D534-42D4-99D4-7C95091AE703}.Debug|arm64.Build.0 = Debug|Any CPU
		{6A69FE24-D534-42D4-99D4-7C95091AE703}.Debug|x86.ActiveCfg = Debug|Any CPU
		{6A69FE24-D534-42D4-99D4-7C95091AE703}.Debug|x86.Build.0 = Debug|Any CPU
		{6A69FE24-D534-42D4-99D4-7C95091AE703}.Release|Any CPU.ActiveCfg = Release|Any CPU
		{6A69FE24-D534-42D4-99D4-7C95091AE703}.Release|Any CPU.Build.0 = Release|Any CPU
		{6A69FE24-D534-42D4-99D4-7C95091AE703}.Release|arm64.ActiveCfg = Release|Any CPU
		{6A69FE24-D534-42D4-99D4-7C95091AE703}.Release|arm64.Build.0 = Release|Any CPU
		{6A69FE24-D534-42D4-99D4-7C95091AE703}.Release|x86.ActiveCfg = Release|Any CPU
		{6A69FE24-D534-42D4-99D4-7C95091AE703}.Release|x86.Build.0 = Release|Any CPU
		{CF697F0A-97EE-4C75-B0B3-CBDC421A3476}.Debug|Any CPU.ActiveCfg = Debug|Any CPU
		{CF697F0A-97EE-4C75-B0B3-CBDC421A3476}.Debug|Any CPU.Build.0 = Debug|Any CPU
		{CF697F0A-97EE-4C75-B0B3-CBDC421A3476}.Debug|arm64.ActiveCfg = Debug|Any CPU
		{CF697F0A-97EE-4C75-B0B3-CBDC421A3476}.Debug|arm64.Build.0 = Debug|Any CPU
		{CF697F0A-97EE-4C75-B0B3-CBDC421A3476}.Debug|x86.ActiveCfg = Debug|Any CPU
		{CF697F0A-97EE-4C75-B0B3-CBDC421A3476}.Debug|x86.Build.0 = Debug|Any CPU
		{CF697F0A-97EE-4C75-B0B3-CBDC421A3476}.Release|Any CPU.ActiveCfg = Release|Any CPU
		{CF697F0A-97EE-4C75-B0B3-CBDC421A3476}.Release|Any CPU.Build.0 = Release|Any CPU
		{CF697F0A-97EE-4C75-B0B3-CBDC421A3476}.Release|arm64.ActiveCfg = Release|Any CPU
		{CF697F0A-97EE-4C75-B0B3-CBDC421A3476}.Release|arm64.Build.0 = Release|Any CPU
		{CF697F0A-97EE-4C75-B0B3-CBDC421A3476}.Release|x86.ActiveCfg = Release|Any CPU
		{CF697F0A-97EE-4C75-B0B3-CBDC421A3476}.Release|x86.Build.0 = Release|Any CPU
		{526043BC-A852-4377-A894-4928BE7C68A3}.Debug|Any CPU.ActiveCfg = Debug|Any CPU
		{526043BC-A852-4377-A894-4928BE7C68A3}.Debug|Any CPU.Build.0 = Debug|Any CPU
		{526043BC-A852-4377-A894-4928BE7C68A3}.Debug|arm64.ActiveCfg = Debug|Any CPU
		{526043BC-A852-4377-A894-4928BE7C68A3}.Debug|arm64.Build.0 = Debug|Any CPU
		{526043BC-A852-4377-A894-4928BE7C68A3}.Debug|x86.ActiveCfg = Debug|Any CPU
		{526043BC-A852-4377-A894-4928BE7C68A3}.Debug|x86.Build.0 = Debug|Any CPU
		{526043BC-A852-4377-A894-4928BE7C68A3}.Release|Any CPU.ActiveCfg = Release|Any CPU
		{526043BC-A852-4377-A894-4928BE7C68A3}.Release|Any CPU.Build.0 = Release|Any CPU
		{526043BC-A852-4377-A894-4928BE7C68A3}.Release|arm64.ActiveCfg = Release|Any CPU
		{526043BC-A852-4377-A894-4928BE7C68A3}.Release|arm64.Build.0 = Release|Any CPU
		{526043BC-A852-4377-A894-4928BE7C68A3}.Release|x86.ActiveCfg = Release|Any CPU
		{526043BC-A852-4377-A894-4928BE7C68A3}.Release|x86.Build.0 = Release|Any CPU
		{C503B486-6787-4D97-8A93-0F9BEB199930}.Debug|Any CPU.ActiveCfg = Debug|Any CPU
		{C503B486-6787-4D97-8A93-0F9BEB199930}.Debug|Any CPU.Build.0 = Debug|Any CPU
		{C503B486-6787-4D97-8A93-0F9BEB199930}.Debug|arm64.ActiveCfg = Debug|Any CPU
		{C503B486-6787-4D97-8A93-0F9BEB199930}.Debug|arm64.Build.0 = Debug|Any CPU
		{C503B486-6787-4D97-8A93-0F9BEB199930}.Debug|x86.ActiveCfg = Debug|Any CPU
		{C503B486-6787-4D97-8A93-0F9BEB199930}.Debug|x86.Build.0 = Debug|Any CPU
		{C503B486-6787-4D97-8A93-0F9BEB199930}.Release|Any CPU.ActiveCfg = Release|Any CPU
		{C503B486-6787-4D97-8A93-0F9BEB199930}.Release|Any CPU.Build.0 = Release|Any CPU
		{C503B486-6787-4D97-8A93-0F9BEB199930}.Release|arm64.ActiveCfg = Release|Any CPU
		{C503B486-6787-4D97-8A93-0F9BEB199930}.Release|arm64.Build.0 = Release|Any CPU
		{C503B486-6787-4D97-8A93-0F9BEB199930}.Release|x86.ActiveCfg = Release|Any CPU
		{C503B486-6787-4D97-8A93-0F9BEB199930}.Release|x86.Build.0 = Release|Any CPU
		{18785D02-5B08-4342-9AEA-9449ECD3DA37}.Debug|Any CPU.ActiveCfg = Debug|Any CPU
		{18785D02-5B08-4342-9AEA-9449ECD3DA37}.Debug|Any CPU.Build.0 = Debug|Any CPU
		{18785D02-5B08-4342-9AEA-9449ECD3DA37}.Debug|arm64.ActiveCfg = Debug|Any CPU
		{18785D02-5B08-4342-9AEA-9449ECD3DA37}.Debug|arm64.Build.0 = Debug|Any CPU
		{18785D02-5B08-4342-9AEA-9449ECD3DA37}.Debug|x86.ActiveCfg = Debug|Any CPU
		{18785D02-5B08-4342-9AEA-9449ECD3DA37}.Debug|x86.Build.0 = Debug|Any CPU
		{18785D02-5B08-4342-9AEA-9449ECD3DA37}.Release|Any CPU.ActiveCfg = Release|Any CPU
		{18785D02-5B08-4342-9AEA-9449ECD3DA37}.Release|Any CPU.Build.0 = Release|Any CPU
		{18785D02-5B08-4342-9AEA-9449ECD3DA37}.Release|arm64.ActiveCfg = Release|Any CPU
		{18785D02-5B08-4342-9AEA-9449ECD3DA37}.Release|arm64.Build.0 = Release|Any CPU
		{18785D02-5B08-4342-9AEA-9449ECD3DA37}.Release|x86.ActiveCfg = Release|Any CPU
		{18785D02-5B08-4342-9AEA-9449ECD3DA37}.Release|x86.Build.0 = Release|Any CPU
		{A053DB3E-7813-4EF0-9746-FBB14BDF8F00}.Debug|Any CPU.ActiveCfg = Debug|Any CPU
		{A053DB3E-7813-4EF0-9746-FBB14BDF8F00}.Debug|Any CPU.Build.0 = Debug|Any CPU
		{A053DB3E-7813-4EF0-9746-FBB14BDF8F00}.Debug|arm64.ActiveCfg = Debug|Any CPU
		{A053DB3E-7813-4EF0-9746-FBB14BDF8F00}.Debug|arm64.Build.0 = Debug|Any CPU
		{A053DB3E-7813-4EF0-9746-FBB14BDF8F00}.Debug|x86.ActiveCfg = Debug|Any CPU
		{A053DB3E-7813-4EF0-9746-FBB14BDF8F00}.Debug|x86.Build.0 = Debug|Any CPU
		{A053DB3E-7813-4EF0-9746-FBB14BDF8F00}.Release|Any CPU.ActiveCfg = Release|Any CPU
		{A053DB3E-7813-4EF0-9746-FBB14BDF8F00}.Release|Any CPU.Build.0 = Release|Any CPU
		{A053DB3E-7813-4EF0-9746-FBB14BDF8F00}.Release|arm64.ActiveCfg = Release|Any CPU
		{A053DB3E-7813-4EF0-9746-FBB14BDF8F00}.Release|arm64.Build.0 = Release|Any CPU
		{A053DB3E-7813-4EF0-9746-FBB14BDF8F00}.Release|x86.ActiveCfg = Release|Any CPU
		{A053DB3E-7813-4EF0-9746-FBB14BDF8F00}.Release|x86.Build.0 = Release|Any CPU
		{12B56324-3525-4836-8088-9D87F6E98F2C}.Debug|Any CPU.ActiveCfg = Debug|Any CPU
		{12B56324-3525-4836-8088-9D87F6E98F2C}.Debug|Any CPU.Build.0 = Debug|Any CPU
		{12B56324-3525-4836-8088-9D87F6E98F2C}.Debug|arm64.ActiveCfg = Debug|Any CPU
		{12B56324-3525-4836-8088-9D87F6E98F2C}.Debug|arm64.Build.0 = Debug|Any CPU
		{12B56324-3525-4836-8088-9D87F6E98F2C}.Debug|x86.ActiveCfg = Debug|Any CPU
		{12B56324-3525-4836-8088-9D87F6E98F2C}.Debug|x86.Build.0 = Debug|Any CPU
		{12B56324-3525-4836-8088-9D87F6E98F2C}.Release|Any CPU.ActiveCfg = Release|Any CPU
		{12B56324-3525-4836-8088-9D87F6E98F2C}.Release|Any CPU.Build.0 = Release|Any CPU
		{12B56324-3525-4836-8088-9D87F6E98F2C}.Release|arm64.ActiveCfg = Release|Any CPU
		{12B56324-3525-4836-8088-9D87F6E98F2C}.Release|arm64.Build.0 = Release|Any CPU
		{12B56324-3525-4836-8088-9D87F6E98F2C}.Release|x86.ActiveCfg = Release|Any CPU
		{12B56324-3525-4836-8088-9D87F6E98F2C}.Release|x86.Build.0 = Release|Any CPU
	EndGlobalSection
	GlobalSection(SolutionProperties) = preSolution
		HideSolutionNode = FALSE
	EndGlobalSection
	GlobalSection(ExtensibilityGlobals) = postSolution
		SolutionGuid = {A9B51A67-6F0B-44FA-99CB-7BFA5DDFE6E4}
	EndGlobalSection
EndGlobal
